
Microsoft Visual Studio Solution File, Format Version 12.00
# Visual Studio Version 17
VisualStudioVersion = 17.14.36221.1
MinimumVisualStudioVersion = 10.0.40219.1
Project("{FAE04EC0-301F-11D3-BF4B-00C04F79EFBC}") = "TaskManager", "TaskManager\TaskManager.csproj", "{48452D92-F2C7-40C7-8B6F-6F1BDC66E459}"
EndProject
Project("{FAE04EC0-301F-11D3-BF4B-00C04F79EFBC}") = "TaskManager.UI", "TaskManager.UI\TaskManager.UI.csproj", "{9299B666-6F90-4795-97CB-DFFCBDDC97A5}"
EndProject
Global
	GlobalSection(SolutionConfigurationPlatforms) = preSolution
		Debug|Any CPU = Debug|Any CPU
		Release|Any CPU = Release|Any CPU
	EndGlobalSection
	GlobalSection(ProjectConfigurationPlatforms) = postSolution
		{48452D92-F2C7-40C7-8B6F-6F1BDC66E459}.Debug|Any CPU.ActiveCfg = Debug|Any CPU
		{48452D92-F2C7-40C7-8B6F-6F1BDC66E459}.Debug|Any CPU.Build.0 = Debug|Any CPU
		{48452D92-F2C7-40C7-8B6F-6F1BDC66E459}.Release|Any CPU.ActiveCfg = Release|Any CPU
		{48452D92-F2C7-40C7-8B6F-6F1BDC66E459}.Release|Any CPU.Build.0 = Release|Any CPU
		{9299B666-6F90-4795-97CB-DFFCBDDC97A5}.Debug|Any CPU.ActiveCfg = Debug|Any CPU
		{9299B666-6F90-4795-97CB-DFFCBDDC97A5}.Debug|Any CPU.Build.0 = Debug|Any CPU
		{9299B666-6F90-4795-97CB-DFFCBDDC97A5}.Release|Any CPU.ActiveCfg = Release|Any CPU
		{9299B666-6F90-4795-97CB-DFFCBDDC97A5}.Release|Any CPU.Build.0 = Release|Any CPU
	EndGlobalSection
	GlobalSection(SolutionProperties) = preSolution
		HideSolutionNode = FALSE
	EndGlobalSection
	GlobalSection(ExtensibilityGlobals) = postSolution
		SolutionGuid = {E7CC09B8-6406-4627-BDC3-857EB10CA4B4}
	EndGlobalSection
EndGlobal
